
Microsoft Visual Studio Solution File, Format Version 12.00
# Visual Studio Version 16
VisualStudioVersion = 16.0.30404.54
MinimumVisualStudioVersion = 10.0.40219.1
Project("{9A19103F-16F7-4668-BE54-9A1E7A4F7556}") = "RPC_Bot", "RPC_Bot.csproj", "{4708286A-4436-42F9-BF3C-1C53D9CAED54}"
EndProject
Global
	GlobalSection(SolutionConfigurationPlatforms) = preSolution
		Debug|Any CPU = Debug|Any CPU
		Release|Any CPU = Release|Any CPU
	EndGlobalSection
	GlobalSection(ProjectConfigurationPlatforms) = postSolution
		{4708286A-4436-42F9-BF3C-1C53D9CAED54}.Debug|Any CPU.ActiveCfg = Debug|Any CPU
		{4708286A-4436-42F9-BF3C-1C53D9CAED54}.Debug|Any CPU.Build.0 = Debug|Any CPU
		{4708286A-4436-42F9-BF3C-1C53D9CAED54}.Release|Any CPU.ActiveCfg = Release|Any CPU
		{4708286A-4436-42F9-BF3C-1C53D9CAED54}.Release|Any CPU.Build.0 = Release|Any CPU
	EndGlobalSection
	GlobalSection(SolutionProperties) = preSolution
		HideSolutionNode = FALSE
	EndGlobalSection
	GlobalSection(ExtensibilityGlobals) = postSolution
		SolutionGuid = {14E2D9EE-73D3-4153-9354-91FFAB6DE332}
	EndGlobalSection
EndGlobal
